
Microsoft Visual Studio Solution File, Format Version 12.00
# Visual Studio 15
VisualStudioVersion = 15.0.26430.6
MinimumVisualStudioVersion = 10.0.40219.1
Project("{FAE04EC0-301F-11D3-BF4B-00C04F79EFBC}") = "SimpleSearch.Tests", "SimpleSearch.Tests\SimpleSearch.Tests.csproj", "{C88AEDE5-A71D-4012-8CF7-7A54006E29BD}"
EndProject
Project("{FAE04EC0-301F-11D3-BF4B-00C04F79EFBC}") = "SimpleSearch", "SimpleSearch\SimpleSearch.csproj", "{B9CC5DAA-7C7F-4D0F-81C0-1A3C1C5C81D2}"
EndProject
Project("{2150E333-8FDC-42A3-9474-1A3956D46DE8}") = "Solution Files", "Solution Files", "{65A5E1D3-75E9-4621-B067-D3FD28EC8796}"
	ProjectSection(SolutionItems) = preProject
		LICENSE = LICENSE
		README.md = README.md
	EndProjectSection
EndProject
Global
	GlobalSection(SolutionConfigurationPlatforms) = preSolution
		Debug|Any CPU = Debug|Any CPU
		Release|Any CPU = Release|Any CPU
	EndGlobalSection
	GlobalSection(ProjectConfigurationPlatforms) = postSolution
		{C88AEDE5-A71D-4012-8CF7-7A54006E29BD}.Debug|Any CPU.ActiveCfg = Debug|Any CPU
		{C88AEDE5-A71D-4012-8CF7-7A54006E29BD}.Debug|Any CPU.Build.0 = Debug|Any CPU
		{C88AEDE5-A71D-4012-8CF7-7A54006E29BD}.Release|Any CPU.ActiveCfg = Release|Any CPU
		{C88AEDE5-A71D-4012-8CF7-7A54006E29BD}.Release|Any CPU.Build.0 = Release|Any CPU
		{B9CC5DAA-7C7F-4D0F-81C0-1A3C1C5C81D2}.Debug|Any CPU.ActiveCfg = Debug|Any CPU
		{B9CC5DAA-7C7F-4D0F-81C0-1A3C1C5C81D2}.Debug|Any CPU.Build.0 = Debug|Any CPU
		{B9CC5DAA-7C7F-4D0F-81C0-1A3C1C5C81D2}.Release|Any CPU.ActiveCfg = Release|Any CPU
		{B9CC5DAA-7C7F-4D0F-81C0-1A3C1C5C81D2}.Release|Any CPU.Build.0 = Release|Any CPU
	EndGlobalSection
	GlobalSection(SolutionProperties) = preSolution
		HideSolutionNode = FALSE
	EndGlobalSection
EndGlobal
